
Microsoft Visual Studio Solution File, Format Version 12.00
# Visual Studio Version 17
VisualStudioVersion = 17.1.32210.238
MinimumVisualStudioVersion = 10.0.40219.1
Project("{FAE04EC0-301F-11D3-BF4B-00C04F79EFBC}") = "WebStoreApp", "WebStoreApp\WebStoreApp.csproj", "{788B188D-5256-4CA7-80E2-B5C42E11931B}"
EndProject
Project("{FAE04EC0-301F-11D3-BF4B-00C04F79EFBC}") = "ShoppingStore.Models", "ShoppingStore.Models\ShoppingStore.Models.csproj", "{F2BE08C3-B008-4732-ACE4-7B346FF49713}"
EndProject
Project("{FAE04EC0-301F-11D3-BF4B-00C04F79EFBC}") = "ShoppingStore.DataAccess", "ShoppingStore.DataAccess\ShoppingStore.DataAccess.csproj", "{02625473-1B51-4DA2-ABFA-05A9FF1EE986}"
EndProject
Project("{FAE04EC0-301F-11D3-BF4B-00C04F79EFBC}") = "ShoppingStore.Utility", "ShoppingStore.Utility\ShoppingStore.Utility.csproj", "{D740D8BB-1B8F-44A6-B731-A598A75C9556}"
EndProject
Global
	GlobalSection(SolutionConfigurationPlatforms) = preSolution
		Debug|Any CPU = Debug|Any CPU
		Release|Any CPU = Release|Any CPU
	EndGlobalSection
	GlobalSection(ProjectConfigurationPlatforms) = postSolution
		{788B188D-5256-4CA7-80E2-B5C42E11931B}.Debug|Any CPU.ActiveCfg = Debug|Any CPU
		{788B188D-5256-4CA7-80E2-B5C42E11931B}.Debug|Any CPU.Build.0 = Debug|Any CPU
		{788B188D-5256-4CA7-80E2-B5C42E11931B}.Release|Any CPU.ActiveCfg = Release|Any CPU
		{788B188D-5256-4CA7-80E2-B5C42E11931B}.Release|Any CPU.Build.0 = Release|Any CPU
		{F2BE08C3-B008-4732-ACE4-7B346FF49713}.Debug|Any CPU.ActiveCfg = Debug|Any CPU
		{F2BE08C3-B008-4732-ACE4-7B346FF49713}.Debug|Any CPU.Build.0 = Debug|Any CPU
		{F2BE08C3-B008-4732-ACE4-7B346FF49713}.Release|Any CPU.ActiveCfg = Release|Any CPU
		{F2BE08C3-B008-4732-ACE4-7B346FF49713}.Release|Any CPU.Build.0 = Release|Any CPU
		{02625473-1B51-4DA2-ABFA-05A9FF1EE986}.Debug|Any CPU.ActiveCfg = Debug|Any CPU
		{02625473-1B51-4DA2-ABFA-05A9FF1EE986}.Debug|Any CPU.Build.0 = Debug|Any CPU
		{02625473-1B51-4DA2-ABFA-05A9FF1EE986}.Release|Any CPU.ActiveCfg = Release|Any CPU
		{02625473-1B51-4DA2-ABFA-05A9FF1EE986}.Release|Any CPU.Build.0 = Release|Any CPU
		{D740D8BB-1B8F-44A6-B731-A598A75C9556}.Debug|Any CPU.ActiveCfg = Debug|Any CPU
		{D740D8BB-1B8F-44A6-B731-A598A75C9556}.Debug|Any CPU.Build.0 = Debug|Any CPU
		{D740D8BB-1B8F-44A6-B731-A598A75C9556}.Release|Any CPU.ActiveCfg = Release|Any CPU
		{D740D8BB-1B8F-44A6-B731-A598A75C9556}.Release|Any CPU.Build.0 = Release|Any CPU
	EndGlobalSection
	GlobalSection(SolutionProperties) = preSolution
		HideSolutionNode = FALSE
	EndGlobalSection
	GlobalSection(ExtensibilityGlobals) = postSolution
		SolutionGuid = {C8BFBA83-7CCB-46BA-88FD-E5015C5C0F2D}
	EndGlobalSection
EndGlobal
